
Microsoft Visual Studio Solution File, Format Version 12.00
# Visual Studio Version 16
VisualStudioVersion = 16.0.29215.179
MinimumVisualStudioVersion = 10.0.40219.1
Project("{FAE04EC0-301F-11D3-BF4B-00C04F79EFBC}") = "Alg7", "Alg7\Alg7.csproj", "{712CD352-B31A-433C-9B69-2DED028E461F}"
EndProject
Global
	GlobalSection(SolutionConfigurationPlatforms) = preSolution
		Debug|Any CPU = Debug|Any CPU
		Release|Any CPU = Release|Any CPU
	EndGlobalSection
	GlobalSection(ProjectConfigurationPlatforms) = postSolution
		{712CD352-B31A-433C-9B69-2DED028E461F}.Debug|Any CPU.ActiveCfg = Debug|Any CPU
		{712CD352-B31A-433C-9B69-2DED028E461F}.Debug|Any CPU.Build.0 = Debug|Any CPU
		{712CD352-B31A-433C-9B69-2DED028E461F}.Release|Any CPU.ActiveCfg = Release|Any CPU
		{712CD352-B31A-433C-9B69-2DED028E461F}.Release|Any CPU.Build.0 = Release|Any CPU
	EndGlobalSection
	GlobalSection(SolutionProperties) = preSolution
		HideSolutionNode = FALSE
	EndGlobalSection
	GlobalSection(ExtensibilityGlobals) = postSolution
		SolutionGuid = {640033DE-A523-4E9C-86E3-1D1032567E56}
	EndGlobalSection
EndGlobal
